{
  "version": 4,
  "terraform_version": "1.2.0",
  "serial": 13,
  "lineage": "b1c2d86d-493b-ff2d-acb6-21565582b5d9",
  "outputs": {
    "cluster_arn": {
      "value": "arn:aws:eks:us-east-2:687402332917:cluster/pedro-cluster",
      "type": "string"
    },
    "cluster_certificate_authority": {
      "value": [
        {
          "data": "LS0tLS1CRUdJTiBDRVJUSUZJQ0FURS0tLS0tCk1JSURCVENDQWUyZ0F3SUJBZ0lJVDJzYmFOUlJFbGN3RFFZSktvWklodmNOQVFFTEJRQXdGVEVUTUJFR0ExVUUKQXhNS2EzVmlaWEp1WlhSbGN6QWVGdzB5TXpFeE1qa3lNelUyTkROYUZ3MHpNekV4TWpjd01EQXhORE5hTUJVeApFekFSQmdOVkJBTVRDbXQxWW1WeWJtVjBaWE13Z2dFaU1BMEdDU3FHU0liM0RRRUJBUVVBQTRJQkR3QXdnZ0VLCkFvSUJBUUMvZFhRVS9FbTBzWGNlaVhydVhTc29vZkZuUDFzZG9OdnJiUFJ2UXdITnMxNElFdDRMYnBlbzlOblkKNFBvZXFydnpXcmNxTVRHa05udXhYTWtZMXZ4ektpN2dNQ1VqRWQ1Ync0RXViR0VDaUNJWHhQTmc0aUdlbEpvQwpjbWc3QXJMUDhoUDNMa1JPMW5PTjRER0JkaDdKWm5GbC80cmE0U3VFSnQzbWxOaFczd3k5Q1FBa1ZUK1dwbE9kCkxVZVNBSitFd0VDMHduYnhhV1d0UTIvU3ZIOFVCZlA1MGUwelBFS2ttVTRJTnNxUXZ0cXdnWEJURTJ4QlROalgKOUVUNDFjeWd0dEVNZlNFNkFTMzRWcnFxUStpR0RWNnFsTTlYbEU4TmIzalJxQ2s4bkZycXNBRis2NzhLL0lLYwpsWDZZais5NGs0UUZYL01ZSk5TM1dFc0F0aWVYQWdNQkFBR2pXVEJYTUE0R0ExVWREd0VCL3dRRUF3SUNwREFQCkJnTlZIUk1CQWY4RUJUQURBUUgvTUIwR0ExVWREZ1FXQkJUbU5Mdk5aRmNNTjBBbzg3eGNGc2JCeVBRYWZqQVYKQmdOVkhSRUVEakFNZ2dwcmRXSmxjbTVsZEdWek1BMEdDU3FHU0liM0RRRUJDd1VBQTRJQkFRQlZQK0FRVFFTcQp4YTVjQWpKUTdDbzdPajNIR25EVDdzYkNMdXk1SHJJTm1pQ0YzaHB0QTkzdVJleGJIL1FxNDlNQ0d6Q0lCQVE2CldBamwydGEwWU50M1Q1YktZV0lnYWU5L1lKUmdpWlk1cTYwYjlVVkpIclV2R0NPejVkNnUyaFBmbEgzMGRTby8KeVdsa2NzdTF5MEpGNG1OY0RweVhPRFJsNS9uWmhnLzY1VENWZnF0L0tMdU1FUTRFeHpUVlUxWVJvYmh4dit5SwoxZ0tkbWZHVE81U1hLN3VFc3g3aWpmeDN2b3YzOHdiNUtMOXB5ZEZVL1pFYk1nU000cmJHK3Z6MVF4VldrOEowCmJwaFJ5MHpMTEdQTTF0REg1VFpEcWVIaExrSEtvZGdHbU5USm1yNG15OUtFeFJXajlOUzhCcGtVT2luZEtKeE4KTldGcjF0UGtQb3RnCi0tLS0tRU5EIENFUlRJRklDQVRFLS0tLS0K"
        }
      ],
      "type": [
        "list",
        [
          "object",
          {
            "data": "string"
          }
        ]
      ]
    },
    "cluster_endpoint": {
      "value": "https://15BCC13F4B80E9F412D36F28B000F9B4.gr7.us-east-2.eks.amazonaws.com",
      "type": "string"
    },
    "cluster_name": {
      "value": "pedro-cluster",
      "type": "string"
    }
  },
  "resources": [
    {
      "mode": "data",
      "type": "aws_iam_policy_document",
      "name": "cluster_assume_role",
      "provider": "provider[\"registry.terraform.io/hashicorp/aws\"]",
      "instances": [
        {
          "schema_version": 0,
          "attributes": {
            "id": "3552664922",
            "json": "{\n  \"Version\": \"2012-10-17\",\n  \"Statement\": [\n    {\n      \"Effect\": \"Allow\",\n      \"Action\": \"sts:AssumeRole\",\n      \"Principal\": {\n        \"Service\": \"eks.amazonaws.com\"\n      }\n    }\n  ]\n}",
            "override_policy_documents": null,
            "policy_id": null,
            "source_policy_documents": null,
            "statement": [
              {
                "actions": [
                  "sts:AssumeRole"
                ],
                "condition": [],
                "effect": "Allow",
                "not_actions": [],
                "not_principals": [],
                "not_resources": [],
                "principals": [
                  {
                    "identifiers": [
                      "eks.amazonaws.com"
                    ],
                    "type": "Service"
                  }
                ],
                "resources": [],
                "sid": ""
              }
            ],
            "version": "2012-10-17"
          },
          "sensitive_attributes": []
        }
      ]
    },
    {
      "mode": "data",
      "type": "aws_iam_policy_document",
      "name": "rode_assume_role",
      "provider": "provider[\"registry.terraform.io/hashicorp/aws\"]",
      "instances": [
        {
          "schema_version": 0,
          "attributes": {
            "id": "2851119427",
            "json": "{\n  \"Version\": \"2012-10-17\",\n  \"Statement\": [\n    {\n      \"Effect\": \"Allow\",\n      \"Action\": \"sts:AssumeRole\",\n      \"Principal\": {\n        \"Service\": \"ec2.amazonaws.com\"\n      }\n    }\n  ]\n}",
            "override_policy_documents": null,
            "policy_id": null,
            "source_policy_documents": null,
            "statement": [
              {
                "actions": [
                  "sts:AssumeRole"
                ],
                "condition": [],
                "effect": "Allow",
                "not_actions": [],
                "not_principals": [],
                "not_resources": [],
                "principals": [
                  {
                    "identifiers": [
                      "ec2.amazonaws.com"
                    ],
                    "type": "Service"
                  }
                ],
                "resources": [],
                "sid": ""
              }
            ],
            "version": "2012-10-17"
          },
          "sensitive_attributes": []
        }
      ]
    },
    {
      "mode": "data",
      "type": "aws_subnets",
      "name": "default",
      "provider": "provider[\"registry.terraform.io/hashicorp/aws\"]",
      "instances": [
        {
          "schema_version": 0,
          "attributes": {
            "filter": [
              {
                "name": "vpc-id",
                "values": [
                  "vpc-0ab86d88b6deb2c1f"
                ]
              }
            ],
            "id": "us-east-2",
            "ids": [
              "subnet-00e75711a75cd3b57",
              "subnet-0b782f8f1c76d9e75",
              "subnet-0b762c1093296c512"
            ],
            "tags": null,
            "timeouts": null
          },
          "sensitive_attributes": []
        }
      ]
    },
    {
      "mode": "data",
      "type": "aws_vpc",
      "name": "default",
      "provider": "provider[\"registry.terraform.io/hashicorp/aws\"]",
      "instances": [
        {
          "schema_version": 0,
          "attributes": {
            "arn": "arn:aws:ec2:us-east-2:687402332917:vpc/vpc-0ab86d88b6deb2c1f",
            "cidr_block": "172.31.0.0/16",
            "cidr_block_associations": [
              {
                "association_id": "vpc-cidr-assoc-094a7a5ee00245cae",
                "cidr_block": "172.31.0.0/16",
                "state": "associated"
              }
            ],
            "default": true,
            "dhcp_options_id": "dopt-02dc8f037f00b5850",
            "enable_dns_hostnames": true,
            "enable_dns_support": true,
            "enable_network_address_usage_metrics": false,
            "filter": null,
            "id": "vpc-0ab86d88b6deb2c1f",
            "instance_tenancy": "default",
            "ipv6_association_id": "",
            "ipv6_cidr_block": "",
            "main_route_table_id": "rtb-07abd6dc79f968de2",
            "owner_id": "687402332917",
            "state": null,
            "tags": {},
            "timeouts": null
          },
          "sensitive_attributes": []
        }
      ]
    },
    {
      "mode": "managed",
      "type": "aws_eks_cluster",
      "name": "cluster",
      "provider": "provider[\"registry.terraform.io/hashicorp/aws\"]",
      "instances": [
        {
          "schema_version": 0,
          "attributes": {
            "arn": "arn:aws:eks:us-east-2:687402332917:cluster/pedro-cluster",
            "certificate_authority": [
              {
                "data": "LS0tLS1CRUdJTiBDRVJUSUZJQ0FURS0tLS0tCk1JSURCVENDQWUyZ0F3SUJBZ0lJVDJzYmFOUlJFbGN3RFFZSktvWklodmNOQVFFTEJRQXdGVEVUTUJFR0ExVUUKQXhNS2EzVmlaWEp1WlhSbGN6QWVGdzB5TXpFeE1qa3lNelUyTkROYUZ3MHpNekV4TWpjd01EQXhORE5hTUJVeApFekFSQmdOVkJBTVRDbXQxWW1WeWJtVjBaWE13Z2dFaU1BMEdDU3FHU0liM0RRRUJBUVVBQTRJQkR3QXdnZ0VLCkFvSUJBUUMvZFhRVS9FbTBzWGNlaVhydVhTc29vZkZuUDFzZG9OdnJiUFJ2UXdITnMxNElFdDRMYnBlbzlOblkKNFBvZXFydnpXcmNxTVRHa05udXhYTWtZMXZ4ektpN2dNQ1VqRWQ1Ync0RXViR0VDaUNJWHhQTmc0aUdlbEpvQwpjbWc3QXJMUDhoUDNMa1JPMW5PTjRER0JkaDdKWm5GbC80cmE0U3VFSnQzbWxOaFczd3k5Q1FBa1ZUK1dwbE9kCkxVZVNBSitFd0VDMHduYnhhV1d0UTIvU3ZIOFVCZlA1MGUwelBFS2ttVTRJTnNxUXZ0cXdnWEJURTJ4QlROalgKOUVUNDFjeWd0dEVNZlNFNkFTMzRWcnFxUStpR0RWNnFsTTlYbEU4TmIzalJxQ2s4bkZycXNBRis2NzhLL0lLYwpsWDZZais5NGs0UUZYL01ZSk5TM1dFc0F0aWVYQWdNQkFBR2pXVEJYTUE0R0ExVWREd0VCL3dRRUF3SUNwREFQCkJnTlZIUk1CQWY4RUJUQURBUUgvTUIwR0ExVWREZ1FXQkJUbU5Mdk5aRmNNTjBBbzg3eGNGc2JCeVBRYWZqQVYKQmdOVkhSRUVEakFNZ2dwcmRXSmxjbTVsZEdWek1BMEdDU3FHU0liM0RRRUJDd1VBQTRJQkFRQlZQK0FRVFFTcQp4YTVjQWpKUTdDbzdPajNIR25EVDdzYkNMdXk1SHJJTm1pQ0YzaHB0QTkzdVJleGJIL1FxNDlNQ0d6Q0lCQVE2CldBamwydGEwWU50M1Q1YktZV0lnYWU5L1lKUmdpWlk1cTYwYjlVVkpIclV2R0NPejVkNnUyaFBmbEgzMGRTby8KeVdsa2NzdTF5MEpGNG1OY0RweVhPRFJsNS9uWmhnLzY1VENWZnF0L0tMdU1FUTRFeHpUVlUxWVJvYmh4dit5SwoxZ0tkbWZHVE81U1hLN3VFc3g3aWpmeDN2b3YzOHdiNUtMOXB5ZEZVL1pFYk1nU000cmJHK3Z6MVF4VldrOEowCmJwaFJ5MHpMTEdQTTF0REg1VFpEcWVIaExrSEtvZGdHbU5USm1yNG15OUtFeFJXajlOUzhCcGtVT2luZEtKeE4KTldGcjF0UGtQb3RnCi0tLS0tRU5EIENFUlRJRklDQVRFLS0tLS0K"
              }
            ],
            "cluster_id": null,
            "created_at": "2023-11-29 23:57:15.862 +0000 UTC",
            "enabled_cluster_log_types": null,
            "encryption_config": [],
            "endpoint": "https://15BCC13F4B80E9F412D36F28B000F9B4.gr7.us-east-2.eks.amazonaws.com",
            "id": "pedro-cluster",
            "identity": [
              {
                "oidc": [
                  {
                    "issuer": "https://oidc.eks.us-east-2.amazonaws.com/id/15BCC13F4B80E9F412D36F28B000F9B4"
                  }
                ]
              }
            ],
            "kubernetes_network_config": [
              {
                "ip_family": "ipv4",
                "service_ipv4_cidr": "10.100.0.0/16",
                "service_ipv6_cidr": ""
              }
            ],
            "name": "pedro-cluster",
            "outpost_config": [],
            "platform_version": "eks.9",
            "role_arn": "arn:aws:iam::687402332917:role/pedro-cluster-cluster-role",
            "status": "ACTIVE",
            "tags": null,
            "tags_all": {},
            "timeouts": null,
            "version": "1.26",
            "vpc_config": [
              {
                "cluster_security_group_id": "sg-0c8dd00adce365235",
                "endpoint_private_access": false,
                "endpoint_public_access": true,
                "public_access_cidrs": [
                  "0.0.0.0/0"
                ],
                "security_group_ids": null,
                "subnet_ids": [
                  "subnet-00e75711a75cd3b57",
                  "subnet-0b762c1093296c512",
                  "subnet-0b782f8f1c76d9e75"
                ],
                "vpc_id": "vpc-0ab86d88b6deb2c1f"
              }
            ]
          },
          "sensitive_attributes": [],
          "private": "eyJlMmJmYjczMC1lY2FhLTExZTYtOGY4OC0zNDM2M2JjN2M0YzAiOnsiY3JlYXRlIjoxODAwMDAwMDAwMDAwLCJkZWxldGUiOjkwMDAwMDAwMDAwMCwidXBkYXRlIjozNjAwMDAwMDAwMDAwfX0=",
          "dependencies": [
            "aws_iam_role.cluster",
            "aws_iam_role_policy_attachment.AmazonEKSClusterPolicy",
            "data.aws_subnets.default"
          ]
        }
      ]
    },
    {
      "mode": "managed",
      "type": "aws_eks_node_group",
      "name": "nodes",
      "provider": "provider[\"registry.terraform.io/hashicorp/aws\"]",
      "instances": [
        {
          "schema_version": 0,
          "attributes": {
            "ami_type": "AL2_x86_64",
            "arn": "arn:aws:eks:us-east-2:687402332917:nodegroup/pedro-cluster/pedro-cluster/f4c60ec5-aeb2-e077-ec6f-a515f79d4ed6",
            "capacity_type": "ON_DEMAND",
            "cluster_name": "pedro-cluster",
            "disk_size": 20,
            "force_update_version": null,
            "id": "pedro-cluster:pedro-cluster",
            "instance_types": [
              "t2.micro"
            ],
            "labels": null,
            "launch_template": [],
            "node_group_name": "pedro-cluster",
            "node_group_name_prefix": "",
            "node_role_arn": "arn:aws:iam::687402332917:role/pedro-cluster-node-group",
            "release_version": "1.26.10-20231116",
            "remote_access": [],
            "resources": [
              {
                "autoscaling_groups": [
                  {
                    "name": "eks-pedro-cluster-f4c60ec5-aeb2-e077-ec6f-a515f79d4ed6"
                  }
                ],
                "remote_access_security_group_id": ""
              }
            ],
            "scaling_config": [
              {
                "desired_size": 1,
                "max_size": 1,
                "min_size": 1
              }
            ],
            "status": "ACTIVE",
            "subnet_ids": [
              "subnet-00e75711a75cd3b57",
              "subnet-0b762c1093296c512",
              "subnet-0b782f8f1c76d9e75"
            ],
            "tags": null,
            "tags_all": {},
            "taint": [],
            "timeouts": null,
            "update_config": [
              {
                "max_unavailable": 1,
                "max_unavailable_percentage": 0
              }
            ],
            "version": "1.26"
          },
          "sensitive_attributes": [],
          "private": "eyJlMmJmYjczMC1lY2FhLTExZTYtOGY4OC0zNDM2M2JjN2M0YzAiOnsiY3JlYXRlIjozNjAwMDAwMDAwMDAwLCJkZWxldGUiOjM2MDAwMDAwMDAwMDAsInVwZGF0ZSI6MzYwMDAwMDAwMDAwMH19",
          "dependencies": [
            "aws_eks_cluster.cluster",
            "aws_iam_role.cluster",
            "aws_iam_role.node_group",
            "aws_iam_role_policy_attachment.AmazonEC2ContainerRegistryReadOnly",
            "aws_iam_role_policy_attachment.AmazonEKSClusterPolicy",
            "aws_iam_role_policy_attachment.AmazonEKSWorkerNodePolicy",
            "aws_iam_role_policy_attachment.AmazonEKS_CNI_Policy",
            "data.aws_subnets.default"
          ]
        }
      ]
    },
    {
      "mode": "managed",
      "type": "aws_iam_role",
      "name": "cluster",
      "provider": "provider[\"registry.terraform.io/hashicorp/aws\"]",
      "instances": [
        {
          "schema_version": 0,
          "attributes": {
            "arn": "arn:aws:iam::687402332917:role/pedro-cluster-cluster-role",
            "assume_role_policy": "{\"Statement\":[{\"Action\":\"sts:AssumeRole\",\"Effect\":\"Allow\",\"Principal\":{\"Service\":\"eks.amazonaws.com\"}}],\"Version\":\"2012-10-17\"}",
            "create_date": "2023-11-29T23:31:33Z",
            "description": "",
            "force_detach_policies": false,
            "id": "pedro-cluster-cluster-role",
            "inline_policy": [],
            "managed_policy_arns": [
              "arn:aws:iam::aws:policy/AmazonEKSClusterPolicy"
            ],
            "max_session_duration": 3600,
            "name": "pedro-cluster-cluster-role",
            "name_prefix": "",
            "path": "/",
            "permissions_boundary": "",
            "tags": {},
            "tags_all": {},
            "unique_id": "AROA2ADC7GL27LBYJGELT"
          },
          "sensitive_attributes": [],
          "private": "bnVsbA==",
          "dependencies": [
            "data.aws_iam_policy_document.cluster_assume_role"
          ]
        }
      ]
    },
    {
      "mode": "managed",
      "type": "aws_iam_role",
      "name": "node_group",
      "provider": "provider[\"registry.terraform.io/hashicorp/aws\"]",
      "instances": [
        {
          "schema_version": 0,
          "attributes": {
            "arn": "arn:aws:iam::687402332917:role/pedro-cluster-node-group",
            "assume_role_policy": "{\"Statement\":[{\"Action\":\"sts:AssumeRole\",\"Effect\":\"Allow\",\"Principal\":{\"Service\":\"ec2.amazonaws.com\"}}],\"Version\":\"2012-10-17\"}",
            "create_date": "2023-11-29T23:31:33Z",
            "description": "",
            "force_detach_policies": false,
            "id": "pedro-cluster-node-group",
            "inline_policy": [],
            "managed_policy_arns": [
              "arn:aws:iam::aws:policy/AmazonEC2ContainerRegistryReadOnly",
              "arn:aws:iam::aws:policy/AmazonEKSWorkerNodePolicy",
              "arn:aws:iam::aws:policy/AmazonEKS_CNI_Policy"
            ],
            "max_session_duration": 3600,
            "name": "pedro-cluster-node-group",
            "name_prefix": "",
            "path": "/",
            "permissions_boundary": "",
            "tags": {},
            "tags_all": {},
            "unique_id": "AROA2ADC7GL277E3UAAOT"
          },
          "sensitive_attributes": [],
          "private": "bnVsbA==",
          "dependencies": [
            "data.aws_iam_policy_document.rode_assume_role"
          ]
        }
      ]
    },
    {
      "mode": "managed",
      "type": "aws_iam_role_policy_attachment",
      "name": "AmazonEC2ContainerRegistryReadOnly",
      "provider": "provider[\"registry.terraform.io/hashicorp/aws\"]",
      "instances": [
        {
          "schema_version": 0,
          "attributes": {
            "id": "pedro-cluster-node-group-20231129233134207200000002",
            "policy_arn": "arn:aws:iam::aws:policy/AmazonEC2ContainerRegistryReadOnly",
            "role": "pedro-cluster-node-group"
          },
          "sensitive_attributes": [],
          "private": "bnVsbA==",
          "dependencies": [
            "aws_iam_role.node_group",
            "data.aws_iam_policy_document.rode_assume_role"
          ]
        }
      ]
    },
    {
      "mode": "managed",
      "type": "aws_iam_role_policy_attachment",
      "name": "AmazonEKSClusterPolicy",
      "provider": "provider[\"registry.terraform.io/hashicorp/aws\"]",
      "instances": [
        {
          "schema_version": 0,
          "attributes": {
            "id": "pedro-cluster-cluster-role-20231129233134162600000001",
            "policy_arn": "arn:aws:iam::aws:policy/AmazonEKSClusterPolicy",
            "role": "pedro-cluster-cluster-role"
          },
          "sensitive_attributes": [],
          "private": "bnVsbA==",
          "dependencies": [
            "aws_iam_role.cluster",
            "data.aws_iam_policy_document.cluster_assume_role"
          ]
        }
      ]
    },
    {
      "mode": "managed",
      "type": "aws_iam_role_policy_attachment",
      "name": "AmazonEKSWorkerNodePolicy",
      "provider": "provider[\"registry.terraform.io/hashicorp/aws\"]",
      "instances": [
        {
          "schema_version": 0,
          "attributes": {
            "id": "pedro-cluster-node-group-20231129233134411700000004",
            "policy_arn": "arn:aws:iam::aws:policy/AmazonEKSWorkerNodePolicy",
            "role": "pedro-cluster-node-group"
          },
          "sensitive_attributes": [],
          "private": "bnVsbA==",
          "dependencies": [
            "aws_iam_role.node_group",
            "data.aws_iam_policy_document.rode_assume_role"
          ]
        }
      ]
    },
    {
      "mode": "managed",
      "type": "aws_iam_role_policy_attachment",
      "name": "AmazonEKS_CNI_Policy",
      "provider": "provider[\"registry.terraform.io/hashicorp/aws\"]",
      "instances": [
        {
          "schema_version": 0,
          "attributes": {
            "id": "pedro-cluster-node-group-20231129233134368400000003",
            "policy_arn": "arn:aws:iam::aws:policy/AmazonEKS_CNI_Policy",
            "role": "pedro-cluster-node-group"
          },
          "sensitive_attributes": [],
          "private": "bnVsbA==",
          "dependencies": [
            "aws_iam_role.node_group",
            "data.aws_iam_policy_document.rode_assume_role"
          ]
        }
      ]
    }
  ]
}
